
Microsoft Visual Studio Solution File, Format Version 12.00
# Visual Studio Version 16
VisualStudioVersion = 16.0.30114.105
MinimumVisualStudioVersion = 10.0.40219.1
Project("{FAE04EC0-301F-11D3-BF4B-00C04F79EFBC}") = "Calculator", "Calculator\Calculator.csproj", "{347538D5-9C62-4CA3-8F03-0E965C7C85B2}"
EndProject
Project("{FAE04EC0-301F-11D3-BF4B-00C04F79EFBC}") = "Calculator.Tests", "Calculator.Tests\Calculator.Tests.csproj", "{52F0A139-A9E1-46EA-92B5-2D3BF943B4E9}"
EndProject
Global
	GlobalSection(SolutionConfigurationPlatforms) = preSolution
		Debug|Any CPU = Debug|Any CPU
		Release|Any CPU = Release|Any CPU
	EndGlobalSection
	GlobalSection(SolutionProperties) = preSolution
		HideSolutionNode = FALSE
	EndGlobalSection
	GlobalSection(ProjectConfigurationPlatforms) = postSolution
		{347538D5-9C62-4CA3-8F03-0E965C7C85B2}.Debug|Any CPU.ActiveCfg = Debug|Any CPU
		{347538D5-9C62-4CA3-8F03-0E965C7C85B2}.Debug|Any CPU.Build.0 = Debug|Any CPU
		{347538D5-9C62-4CA3-8F03-0E965C7C85B2}.Release|Any CPU.ActiveCfg = Release|Any CPU
		{347538D5-9C62-4CA3-8F03-0E965C7C85B2}.Release|Any CPU.Build.0 = Release|Any CPU
		{52F0A139-A9E1-46EA-92B5-2D3BF943B4E9}.Debug|Any CPU.ActiveCfg = Debug|Any CPU
		{52F0A139-A9E1-46EA-92B5-2D3BF943B4E9}.Debug|Any CPU.Build.0 = Debug|Any CPU
		{52F0A139-A9E1-46EA-92B5-2D3BF943B4E9}.Release|Any CPU.ActiveCfg = Release|Any CPU
		{52F0A139-A9E1-46EA-92B5-2D3BF943B4E9}.Release|Any CPU.Build.0 = Release|Any CPU
	EndGlobalSection
EndGlobal
